
Microsoft Visual Studio Solution File, Format Version 12.00
# Visual Studio Version 17
VisualStudioVersion = 17.8.34330.188
MinimumVisualStudioVersion = 10.0.40219.1
Project("{FAE04EC0-301F-11D3-BF4B-00C04F79EFBC}") = "RecursionIntro", "RecursionIntro.csproj", "{8A6CE70D-C1E4-4B2B-AF97-0E6248FEEAD6}"
EndProject
Global
	GlobalSection(SolutionConfigurationPlatforms) = preSolution
		Debug|Any CPU = Debug|Any CPU
		Release|Any CPU = Release|Any CPU
	EndGlobalSection
	GlobalSection(ProjectConfigurationPlatforms) = postSolution
		{8A6CE70D-C1E4-4B2B-AF97-0E6248FEEAD6}.Debug|Any CPU.ActiveCfg = Debug|Any CPU
		{8A6CE70D-C1E4-4B2B-AF97-0E6248FEEAD6}.Debug|Any CPU.Build.0 = Debug|Any CPU
		{8A6CE70D-C1E4-4B2B-AF97-0E6248FEEAD6}.Release|Any CPU.ActiveCfg = Release|Any CPU
		{8A6CE70D-C1E4-4B2B-AF97-0E6248FEEAD6}.Release|Any CPU.Build.0 = Release|Any CPU
	EndGlobalSection
	GlobalSection(SolutionProperties) = preSolution
		HideSolutionNode = FALSE
	EndGlobalSection
	GlobalSection(ExtensibilityGlobals) = postSolution
		SolutionGuid = {26ED2361-A76F-4F13-849C-2E90CBE21CD5}
	EndGlobalSection
EndGlobal
